{
  "version": 4,
  "terraform_version": "1.12.2",
  "serial": 4,
  "lineage": "391a4a55-5a58-0a60-4a79-5b864d015848",
  "outputs": {},
  "resources": [
    {
      "mode": "managed",
      "type": "aws_key_pair",
      "name": "project_key",
      "provider": "provider[\"registry.terraform.io/hashicorp/aws\"]",
      "instances": [
        {
          "schema_version": 1,
          "attributes": {
            "arn": "arn:aws:ec2:us-east-1:223374428056:key-pair/projectkeyPair",
            "fingerprint": "d6:7a:c3:9b:3d:c3:51:13:05:10:50:b0:2e:b0:b3:70",
            "id": "projectkeyPair",
            "key_name": "projectkeyPair",
            "key_name_prefix": "",
            "key_pair_id": "key-0289921edf2580b53",
            "key_type": "rsa",
            "public_key": "ssh-rsa AAAAB3NzaC1yc2EAAAADAQABAAACAQC2flCmkckXha6dlQKAsvvQo4492ac/p5sfmtf070crcu+yk7TGOySOkZ6cau1R3tOlkCe+B5+20QjKEKMIwCxGJv6L3EDN/0cyzyf062ZDj+rRsJoAAr4uuaXn0xlPxmPl+JNwAdGH04sU8NHzGmM15J01PwNFpTYZOEvlHHBPKaxdIpGp/4qBt3XzZ6RVbBS61oyJQRKzkBX31GSxw7rq+ZPtJHukA+y6DKugWW5lXiDAYvrMbZ6BRH1oIYH7WZWXsk+wzTFL4wOfRcnA8FTtlbECX/LXsU0fWC6i9Bf3Xv5x9Az3fqaCEzmOtT1sSZe8ifTxlWoIizfJDoRxFTZp4RCnH7mPc5/E5fl5iErfph8bavfGQvkjRrBbc2gyB0flKVKxKM66QqQFzYoXknqq8I6Q/l9gnf3/CC5PcWMvYR8dSytOXYdDjvX6cUMUKgUxz4TkKr3gTVZ3l4yc6plyuB32w4cTHUrjFQCFktrr5MwE/G85jvz26XT9Q3Iak2M+0MFpm/C9t9+DfVtUNDkiuVNQw9biMkFjUK6kP54ZEu2xr6SdJo75AT5bhDoP9BjTsAimtVM228IDpOoHvGXP9rpJvERJOShqFhaoZSm96zPnZ4HP5ACEf63wL/XjNBLqRk0JiePQABF3G6r3tMo+S8e4Pn4KDLK6ZJaqQkCcVw== manivnath joshi@nsmanza",
            "region": "us-east-1",
            "tags": null,
            "tags_all": {}
          },
          "sensitive_attributes": [],
          "identity_schema_version": 0,
          "private": "eyJzY2hlbWFfdmVyc2lvbiI6IjEifQ=="
        }
      ]
    },
    {
      "mode": "managed",
      "type": "aws_security_group",
      "name": "allow_http_ssh",
      "provider": "provider[\"registry.terraform.io/hashicorp/aws\"]",
      "instances": [
        {
          "schema_version": 1,
          "attributes": {
            "arn": "arn:aws:ec2:us-east-1:223374428056:security-group/sg-043448ddeea7921f7",
            "description": "Allow HTTP and SSH",
            "egress": [
              {
                "cidr_blocks": [
                  "0.0.0.0/0"
                ],
                "description": "",
                "from_port": 0,
                "ipv6_cidr_blocks": [],
                "prefix_list_ids": [],
                "protocol": "-1",
                "security_groups": [],
                "self": false,
                "to_port": 0
              }
            ],
            "id": "sg-043448ddeea7921f7",
            "ingress": [
              {
                "cidr_blocks": [
                  "0.0.0.0/0"
                ],
                "description": "",
                "from_port": 22,
                "ipv6_cidr_blocks": [],
                "prefix_list_ids": [],
                "protocol": "tcp",
                "security_groups": [],
                "self": false,
                "to_port": 22
              },
              {
                "cidr_blocks": [
                  "0.0.0.0/0"
                ],
                "description": "",
                "from_port": 80,
                "ipv6_cidr_blocks": [],
                "prefix_list_ids": [],
                "protocol": "tcp",
                "security_groups": [],
                "self": false,
                "to_port": 80
              }
            ],
            "name": "allow_http_ssh",
            "name_prefix": "",
            "owner_id": "223374428056",
            "region": "us-east-1",
            "revoke_rules_on_delete": false,
            "tags": null,
            "tags_all": {},
            "timeouts": null,
            "vpc_id": "vpc-090c878731cab8552"
          },
          "sensitive_attributes": [],
          "identity_schema_version": 0,
          "identity": {
            "account_id": "223374428056",
            "id": "sg-043448ddeea7921f7",
            "region": "us-east-1"
          },
          "private": "eyJlMmJmYjczMC1lY2FhLTExZTYtOGY4OC0zNDM2M2JjN2M0YzAiOnsiY3JlYXRlIjo2MDAwMDAwMDAwMDAsImRlbGV0ZSI6OTAwMDAwMDAwMDAwfSwic2NoZW1hX3ZlcnNpb24iOiIxIn0="
        }
      ]
    }
  ],
  "check_results": null
}
